
Microsoft Visual Studio Solution File, Format Version 12.00
# Visual Studio Version 17
VisualStudioVersion = 17.2.32602.215
MinimumVisualStudioVersion = 10.0.40219.1
Project("{FAE04EC0-301F-11D3-BF4B-00C04F79EFBC}") = "CodeFirstNedir", "CodeFirstNedir\CodeFirstNedir.csproj", "{7E172035-8632-405D-8797-F99F83E1ECFA}"
EndProject
Global
	GlobalSection(SolutionConfigurationPlatforms) = preSolution
		Debug|Any CPU = Debug|Any CPU
		Release|Any CPU = Release|Any CPU
	EndGlobalSection
	GlobalSection(ProjectConfigurationPlatforms) = postSolution
		{7E172035-8632-405D-8797-F99F83E1ECFA}.Debug|Any CPU.ActiveCfg = Debug|Any CPU
		{7E172035-8632-405D-8797-F99F83E1ECFA}.Debug|Any CPU.Build.0 = Debug|Any CPU
		{7E172035-8632-405D-8797-F99F83E1ECFA}.Release|Any CPU.ActiveCfg = Release|Any CPU
		{7E172035-8632-405D-8797-F99F83E1ECFA}.Release|Any CPU.Build.0 = Release|Any CPU
	EndGlobalSection
	GlobalSection(SolutionProperties) = preSolution
		HideSolutionNode = FALSE
	EndGlobalSection
	GlobalSection(ExtensibilityGlobals) = postSolution
		SolutionGuid = {E78C5358-5959-4636-9DE3-4F90F4BA1A15}
	EndGlobalSection
EndGlobal
